PODS:
  - UniPassSDK (0.0.7)

DEPENDENCIES:
  - UniPassSDK (= 0.0.7)

SPEC REPOS:
  https://github.com/UniPassID/UniPass-Swift-SDK-Spec.git:
    - UniPassSDK

SPEC CHECKSUMS:
  UniPassSDK: 1591c25fda7d8d223d305fa53359e74e584184ac

PODFILE CHECKSUM: aab9302f313516388cde3d04bc87c8b11323468c

COCOAPODS: 1.11.3
